// !$*UTF8*$!
{
	archiveVersion = 1;
	classes = {
	};
	objectVersion = 55;
	objects = {

/* Begin PBXBuildFile section */
		EA0380162813134A00292035 /* CalculateView.swift in Sources */ = {isa = PBXBuildFile; fileRef = EA0380152813134A00292035 /* CalculateView.swift */; };
		EA038018281330D800292035 /* Player+Extension.swift in Sources */ = {isa = PBXBuildFile; fileRef = EA038017281330D800292035 /* Player+Extension.swift */; };
		EA06770E27F1CA6C00D2444D /* PlayerPopUpView.swift in Sources */ = {isa = PBXBuildFile; fileRef = EA06770D27F1CA6C00D2444D /* PlayerPopUpView.swift */; };
		EA0C234E282A322F00CF335D /* EndGameSell&&recordView.swift in Sources */ = {isa = PBXBuildFile; fileRef = EA0C234D282A322F00CF335D /* EndGameSell&&recordView.swift */; };
		EA0C2352282A445E00CF335D /* SellPopUpView.swift in Sources */ = {isa = PBXBuildFile; fileRef = EA0C2351282A445E00CF335D /* SellPopUpView.swift */; };
		EA187DE3279E70C700C94711 /* StartView.swift in Sources */ = {isa = PBXBuildFile; fileRef = EA187DE2279E70C700C94711 /* StartView.swift */; };
		EA23FE5C27F4BE010087F293 /* HelpPopUpView.swift in Sources */ = {isa = PBXBuildFile; fileRef = EA23FE5B27F4BE010087F293 /* HelpPopUpView.swift */; };
		EA33F8302803257500EDB7B9 /* MainPageHistory+Extension.swift in Sources */ = {isa = PBXBuildFile; fileRef = EA33F82F2803257500EDB7B9 /* MainPageHistory+Extension.swift */; };
		EA33F832280331F900EDB7B9 /* gameRuleView.swift in Sources */ = {isa = PBXBuildFile; fileRef = EA33F831280331F900EDB7B9 /* gameRuleView.swift */; };
		EA41AD8A2796F9D30085523C /* GuideView.swift in Sources */ = {isa = PBXBuildFile; fileRef = EA41AD892796F9D30085523C /* GuideView.swift */; };
		EA48D4CF28855E0A0076095E /* View+Extension.swift in Sources */ = {isa = PBXBuildFile; fileRef = EA48D4CE28855E0A0076095E /* View+Extension.swift */; };
		EA4F79E5278EB7A5008B78FF /* GoStopApp.swift in Sources */ = {isa = PBXBuildFile; fileRef = EA4F79E4278EB7A5008B78FF /* GoStopApp.swift */; };
		EA4F79E7278EB7A5008B78FF /* LottieAnimationView.swift in Sources */ = {isa = PBXBuildFile; fileRef = EA4F79E6278EB7A5008B78FF /* LottieAnimationView.swift */; };
		EA4F79E9278EB7A6008B78FF /* Assets.xcassets in Resources */ = {isa = PBXBuildFile; fileRef = EA4F79E8278EB7A6008B78FF /* Assets.xcassets */; };
		EA4F79EC278EB7A6008B78FF /* Preview Assets.xcassets in Resources */ = {isa = PBXBuildFile; fileRef = EA4F79EB278EB7A6008B78FF /* Preview Assets.xcassets */; };
		EA522B9A27C7E78700BC6416 /* IngameView.swift in Sources */ = {isa = PBXBuildFile; fileRef = EA522B9927C7E78700BC6416 /* IngameView.swift */; };
		EA5CEAFE27E2493B00234E29 /* DataModel.xcdatamodeld in Sources */ = {isa = PBXBuildFile; fileRef = EA5CEAFC27E2493B00234E29 /* DataModel.xcdatamodeld */; };
		EA5CEB1027E2528100234E29 /* CoreDataManager.swift in Sources */ = {isa = PBXBuildFile; fileRef = EA5CEB0F27E2528100234E29 /* CoreDataManager.swift */; };
		EA61476D287A9FE600B145DE /* EndGameViewModel.swift in Sources */ = {isa = PBXBuildFile; fileRef = EA61476C287A9FE600B145DE /* EndGameViewModel.swift */; };
		EA61476F287ABA5500B145DE /* CustomColor.swift in Sources */ = {isa = PBXBuildFile; fileRef = EA61476E287ABA5500B145DE /* CustomColor.swift */; };
		EA99266027955AE60064AC82 /* FirstScreen.swift in Sources */ = {isa = PBXBuildFile; fileRef = EA99265F27955AE60064AC82 /* FirstScreen.swift */; };
		EA992662279570BC0064AC82 /* MainPage.swift in Sources */ = {isa = PBXBuildFile; fileRef = EA992661279570BC0064AC82 /* MainPage.swift */; };
		EAAF94A328210E1B00A0C3BC /* EndGameStartView.swift in Sources */ = {isa = PBXBuildFile; fileRef = EAAF94A228210E1B00A0C3BC /* EndGameStartView.swift */; };
		EAB2F89F2833F1B5005E9DD6 /* CalculateScoreView.swift in Sources */ = {isa = PBXBuildFile; fileRef = EAB2F89E2833F1B5005E9DD6 /* CalculateScoreView.swift */; };
		EAC13AF2281A7A2F001D5C2B /* RoundDetailView.swift in Sources */ = {isa = PBXBuildFile; fileRef = EAC13AF1281A7A2F001D5C2B /* RoundDetailView.swift */; };
		EAC8DE232793E24C0056EEC3 /* Lottie in Frameworks */ = {isa = PBXBuildFile; productRef = EAC8DE222793E24C0056EEC3 /* Lottie */; };
		EAC8DE252793E3560056EEC3 /* 8707-loading.json in Resources */ = {isa = PBXBuildFile; fileRef = EAC8DE242793E3560056EEC3 /* 8707-loading.json */; };
		EAC8DE272793E3BB0056EEC3 /* 로티이미지.json in Resources */ = {isa = PBXBuildFile; fileRef = EAC8DE262793E3BB0056EEC3 /* 로티이미지.json */; };
		EAD530C82814611500D9C2D3 /* Round+Extension.swift in Sources */ = {isa = PBXBuildFile; fileRef = EAD530C72814611500D9C2D3 /* Round+Extension.swift */; };
		EAD530CA2814613200D9C2D3 /* IngamePlayer+Extension.swift in Sources */ = {isa = PBXBuildFile; fileRef = EAD530C92814613200D9C2D3 /* IngamePlayer+Extension.swift */; };
		EADB5F332843F271000F5928 /* NavigationStack in Frameworks */ = {isa = PBXBuildFile; productRef = EADB5F322843F271000F5928 /* NavigationStack */; };
/* End PBXBuildFile section */

/* Begin PBXFileReference section */
		18D49972975DC68C3C1F14E5 /* Pods-GoStop.release.xcconfig */ = {isa = PBXFileReference; includeInIndex = 1; lastKnownFileType = text.xcconfig; name = "Pods-GoStop.release.xcconfig"; path = "Target Support Files/Pods-GoStop/Pods-GoStop.release.xcconfig"; sourceTree = "<group>"; };
		3F21A48E442C4B0C1913E91D /* Pods-GoStop.debug.xcconfig */ = {isa = PBXFileReference; includeInIndex = 1; lastKnownFileType = text.xcconfig; name = "Pods-GoStop.debug.xcconfig"; path = "Target Support Files/Pods-GoStop/Pods-GoStop.debug.xcconfig"; sourceTree = "<group>"; };
		EA0380152813134A00292035 /* CalculateView.swift */ = {isa = PBXFileReference; lastKnownFileType = sourcecode.swift; path = CalculateView.swift; sourceTree = "<group>"; };
		EA038017281330D800292035 /* Player+Extension.swift */ = {isa = PBXFileReference; lastKnownFileType = sourcecode.swift; path = "Player+Extension.swift"; sourceTree = "<group>"; };
		EA06770D27F1CA6C00D2444D /* PlayerPopUpView.swift */ = {isa = PBXFileReference; lastKnownFileType = sourcecode.swift; path = PlayerPopUpView.swift; sourceTree = "<group>"; };
		EA0C234D282A322F00CF335D /* EndGameSell&&recordView.swift */ = {isa = PBXFileReference; lastKnownFileType = sourcecode.swift; path = "EndGameSell&&recordView.swift"; sourceTree = "<group>"; };
		EA0C2351282A445E00CF335D /* SellPopUpView.swift */ = {isa = PBXFileReference; lastKnownFileType = sourcecode.swift; path = SellPopUpView.swift; sourceTree = "<group>"; };
		EA187DE2279E70C700C94711 /* StartView.swift */ = {isa = PBXFileReference; lastKnownFileType = sourcecode.swift; path = StartView.swift; sourceTree = "<group>"; };
		EA23FE5B27F4BE010087F293 /* HelpPopUpView.swift */ = {isa = PBXFileReference; lastKnownFileType = sourcecode.swift; path = HelpPopUpView.swift; sourceTree = "<group>"; };
		EA33F82F2803257500EDB7B9 /* MainPageHistory+Extension.swift */ = {isa = PBXFileReference; lastKnownFileType = sourcecode.swift; path = "MainPageHistory+Extension.swift"; sourceTree = "<group>"; };
		EA33F831280331F900EDB7B9 /* gameRuleView.swift */ = {isa = PBXFileReference; lastKnownFileType = sourcecode.swift; path = gameRuleView.swift; sourceTree = "<group>"; };
		EA41AD892796F9D30085523C /* GuideView.swift */ = {isa = PBXFileReference; lastKnownFileType = sourcecode.swift; path = GuideView.swift; sourceTree = "<group>"; };
		EA48D4CE28855E0A0076095E /* View+Extension.swift */ = {isa = PBXFileReference; lastKnownFileType = sourcecode.swift; path = "View+Extension.swift"; sourceTree = "<group>"; };
		EA4F79E1278EB7A5008B78FF /* GoStop.app */ = {isa = PBXFileReference; explicitFileType = wrapper.application; includeInIndex = 0; path = GoStop.app; sourceTree = BUILT_PRODUCTS_DIR; };
		EA4F79E4278EB7A5008B78FF /* GoStopApp.swift */ = {isa = PBXFileReference; lastKnownFileType = sourcecode.swift; path = GoStopApp.swift; sourceTree = "<group>"; };
		EA4F79E6278EB7A5008B78FF /* LottieAnimationView.swift */ = {isa = PBXFileReference; lastKnownFileType = sourcecode.swift; path = LottieAnimationView.swift; sourceTree = "<group>"; };
		EA4F79E8278EB7A6008B78FF /* Assets.xcassets */ = {isa = PBXFileReference; lastKnownFileType = folder.assetcatalog; path = Assets.xcassets; sourceTree = "<group>"; };
		EA4F79EB278EB7A6008B78FF /* Preview Assets.xcassets */ = {isa = PBXFileReference; lastKnownFileType = folder.assetcatalog; path = "Preview Assets.xcassets"; sourceTree = "<group>"; };
		EA522B9927C7E78700BC6416 /* IngameView.swift */ = {isa = PBXFileReference; lastKnownFileType = sourcecode.swift; path = IngameView.swift; sourceTree = "<group>"; };
		EA5CEAFD27E2493B00234E29 /* DataModel.xcdatamodel */ = {isa = PBXFileReference; lastKnownFileType = wrapper.xcdatamodel; path = DataModel.xcdatamodel; sourceTree = "<group>"; };
		EA5CEB0F27E2528100234E29 /* CoreDataManager.swift */ = {isa = PBXFileReference; lastKnownFileType = sourcecode.swift; path = CoreDataManager.swift; sourceTree = "<group>"; };
		EA61476C287A9FE600B145DE /* EndGameViewModel.swift */ = {isa = PBXFileReference; lastKnownFileType = sourcecode.swift; path = EndGameViewModel.swift; sourceTree = "<group>"; };
		EA61476E287ABA5500B145DE /* CustomColor.swift */ = {isa = PBXFileReference; lastKnownFileType = sourcecode.swift; path = CustomColor.swift; sourceTree = "<group>"; };
		EA99265F27955AE60064AC82 /* FirstScreen.swift */ = {isa = PBXFileReference; lastKnownFileType = sourcecode.swift; path = FirstScreen.swift; sourceTree = "<group>"; };
		EA992661279570BC0064AC82 /* MainPage.swift */ = {isa = PBXFileReference; lastKnownFileType = sourcecode.swift; path = MainPage.swift; sourceTree = "<group>"; };
		EAAF94A228210E1B00A0C3BC /* EndGameStartView.swift */ = {isa = PBXFileReference; lastKnownFileType = sourcecode.swift; path = EndGameStartView.swift; sourceTree = "<group>"; };
		EAB2F89E2833F1B5005E9DD6 /* CalculateScoreView.swift */ = {isa = PBXFileReference; lastKnownFileType = sourcecode.swift; path = CalculateScoreView.swift; sourceTree = "<group>"; };
		EAC13AF1281A7A2F001D5C2B /* RoundDetailView.swift */ = {isa = PBXFileReference; lastKnownFileType = sourcecode.swift; path = RoundDetailView.swift; sourceTree = "<group>"; };
		EAC8DE242793E3560056EEC3 /* 8707-loading.json */ = {isa = PBXFileReference; fileEncoding = 4; lastKnownFileType = text.json; path = "8707-loading.json"; sourceTree = "<group>"; };
		EAC8DE262793E3BB0056EEC3 /* 로티이미지.json */ = {isa = PBXFileReference; fileEncoding = 4; lastKnownFileType = text.json; path = "로티이미지.json"; sourceTree = "<group>"; };
		EAD530C72814611500D9C2D3 /* Round+Extension.swift */ = {isa = PBXFileReference; lastKnownFileType = sourcecode.swift; path = "Round+Extension.swift"; sourceTree = "<group>"; };
		EAD530C92814613200D9C2D3 /* IngamePlayer+Extension.swift */ = {isa = PBXFileReference; lastKnownFileType = sourcecode.swift; path = "IngamePlayer+Extension.swift"; sourceTree = "<group>"; };
/* End PBXFileReference section */

/* Begin PBXFrameworksBuildPhase section */
		EA4F79DE278EB7A5008B78FF /* Frameworks */ = {
			isa = PBXFrameworksBuildPhase;
			buildActionMask = 2147483647;
			files = (
				EAC8DE232793E24C0056EEC3 /* Lottie in Frameworks */,
				EADB5F332843F271000F5928 /* NavigationStack in Frameworks */,
			);
			runOnlyForDeploymentPostprocessing = 0;
		};
/* End PBXFrameworksBuildPhase section */

/* Begin PBXGroup section */
		E87339DFC8E6EE7533651053 /* Pods */ = {
			isa = PBXGroup;
			children = (
				3F21A48E442C4B0C1913E91D /* Pods-GoStop.debug.xcconfig */,
				18D49972975DC68C3C1F14E5 /* Pods-GoStop.release.xcconfig */,
			);
			path = Pods;
			sourceTree = "<group>";
		};
		EA06770C27F1964700D2444D /* View */ = {
			isa = PBXGroup;
			children = (
				EA4F79E6278EB7A5008B78FF /* LottieAnimationView.swift */,
				EA99265F27955AE60064AC82 /* FirstScreen.swift */,
				EA992661279570BC0064AC82 /* MainPage.swift */,
				EA41AD892796F9D30085523C /* GuideView.swift */,
				EA187DE2279E70C700C94711 /* StartView.swift */,
				EA06770D27F1CA6C00D2444D /* PlayerPopUpView.swift */,
				EA23FE5B27F4BE010087F293 /* HelpPopUpView.swift */,
				EA522B9927C7E78700BC6416 /* IngameView.swift */,
				EA33F831280331F900EDB7B9 /* gameRuleView.swift */,
				EA0380152813134A00292035 /* CalculateView.swift */,
				EAC13AF1281A7A2F001D5C2B /* RoundDetailView.swift */,
				EAAF94A228210E1B00A0C3BC /* EndGameStartView.swift */,
				EA0C234D282A322F00CF335D /* EndGameSell&&recordView.swift */,
				EA0C2351282A445E00CF335D /* SellPopUpView.swift */,
				EAB2F89E2833F1B5005E9DD6 /* CalculateScoreView.swift */,
			);
			path = View;
			sourceTree = "<group>";
		};
		EA33F82E2803255200EDB7B9 /* Extensions */ = {
			isa = PBXGroup;
			children = (
				EA33F82F2803257500EDB7B9 /* MainPageHistory+Extension.swift */,
				EA038017281330D800292035 /* Player+Extension.swift */,
				EAD530C72814611500D9C2D3 /* Round+Extension.swift */,
				EAD530C92814613200D9C2D3 /* IngamePlayer+Extension.swift */,
				EA61476E287ABA5500B145DE /* CustomColor.swift */,
				EA48D4CE28855E0A0076095E /* View+Extension.swift */,
			);
			path = Extensions;
			sourceTree = "<group>";
		};
		EA4641B227BB5D5D007ACF49 /* Model */ = {
			isa = PBXGroup;
			children = (
				EA5CEAFC27E2493B00234E29 /* DataModel.xcdatamodeld */,
			);
			path = Model;
			sourceTree = "<group>";
		};
		EA4F79D8278EB7A5008B78FF = {
			isa = PBXGroup;
			children = (
				EA4F79E3278EB7A5008B78FF /* GoStop */,
				EA4F79E2278EB7A5008B78FF /* Products */,
				E87339DFC8E6EE7533651053 /* Pods */,
			);
			sourceTree = "<group>";
		};
		EA4F79E2278EB7A5008B78FF /* Products */ = {
			isa = PBXGroup;
			children = (
				EA4F79E1278EB7A5008B78FF /* GoStop.app */,
			);
			name = Products;
			sourceTree = "<group>";
		};
		EA4F79E3278EB7A5008B78FF /* GoStop */ = {
			isa = PBXGroup;
			children = (
				EAC8DE262793E3BB0056EEC3 /* 로티이미지.json */,
				EAC8DE242793E3560056EEC3 /* 8707-loading.json */,
				EA4F79E4278EB7A5008B78FF /* GoStopApp.swift */,
				EA33F82E2803255200EDB7B9 /* Extensions */,
				EA06770C27F1964700D2444D /* View */,
				EA61476B287A9F7600B145DE /* ViewModel */,
				EA51902627BCF6000041AFE5 /* DataController */,
				EA4641B227BB5D5D007ACF49 /* Model */,
				EA4F79E8278EB7A6008B78FF /* Assets.xcassets */,
				EA4F79EA278EB7A6008B78FF /* Preview Content */,
			);
			path = GoStop;
			sourceTree = "<group>";
		};
		EA4F79EA278EB7A6008B78FF /* Preview Content */ = {
			isa = PBXGroup;
			children = (
				EA4F79EB278EB7A6008B78FF /* Preview Assets.xcassets */,
			);
			path = "Preview Content";
			sourceTree = "<group>";
		};
		EA51902627BCF6000041AFE5 /* DataController */ = {
			isa = PBXGroup;
			children = (
				EA5CEB0F27E2528100234E29 /* CoreDataManager.swift */,
			);
			path = DataController;
			sourceTree = "<group>";
		};
		EA61476B287A9F7600B145DE /* ViewModel */ = {
			isa = PBXGroup;
			children = (
				EA61476C287A9FE600B145DE /* EndGameViewModel.swift */,
			);
			path = ViewModel;
			sourceTree = "<group>";
		};
/* End PBXGroup section */

/* Begin PBXNativeTarget section */
		EA4F79E0278EB7A5008B78FF /* GoStop */ = {
			isa = PBXNativeTarget;
			buildConfigurationList = EA4F79EF278EB7A6008B78FF /* Build configuration list for PBXNativeTarget "GoStop" */;
			buildPhases = (
				A95E9AC2AA7ABE7398EB674C /* [CP] Check Pods Manifest.lock */,
				EA4F79DD278EB7A5008B78FF /* Sources */,
				EA4F79DE278EB7A5008B78FF /* Frameworks */,
				EA4F79DF278EB7A5008B78FF /* Resources */,
				DE054DC7A33B90540CD52840 /* [CP] Embed Pods Frameworks */,
			);
			buildRules = (
			);
			dependencies = (
			);
			name = GoStop;
			packageProductDependencies = (
				EAC8DE222793E24C0056EEC3 /* Lottie */,
				EADB5F322843F271000F5928 /* NavigationStack */,
			);
			productName = GoStop;
			productReference = EA4F79E1278EB7A5008B78FF /* GoStop.app */;
			productType = "com.apple.product-type.application";
		};
/* End PBXNativeTarget section */

/* Begin PBXProject section */
		EA4F79D9278EB7A5008B78FF /* Project object */ = {
			isa = PBXProject;
			attributes = {
				BuildIndependentTargetsInParallel = 1;
				LastSwiftUpdateCheck = 1320;
				LastUpgradeCheck = 1320;
				TargetAttributes = {
					EA4F79E0278EB7A5008B78FF = {
						CreatedOnToolsVersion = 13.2.1;
					};
				};
			};
			buildConfigurationList = EA4F79DC278EB7A5008B78FF /* Build configuration list for PBXProject "GoStop" */;
			compatibilityVersion = "Xcode 13.0";
			developmentRegion = en;
			hasScannedForEncodings = 0;
			knownRegions = (
				en,
				Base,
			);
			mainGroup = EA4F79D8278EB7A5008B78FF;
			packageReferences = (
				EAC8DE212793E24C0056EEC3 /* XCRemoteSwiftPackageReference "lottie-ios" */,
				EADB5F312843F271000F5928 /* XCRemoteSwiftPackageReference "swiftui-navigation-stack" */,
			);
			productRefGroup = EA4F79E2278EB7A5008B78FF /* Products */;
			projectDirPath = "";
			projectRoot = "";
			targets = (
				EA4F79E0278EB7A5008B78FF /* GoStop */,
			);
		};
/* End PBXProject section */

/* Begin PBXResourcesBuildPhase section */
		EA4F79DF278EB7A5008B78FF /* Resources */ = {
			isa = PBXResourcesBuildPhase;
			buildActionMask = 2147483647;
			files = (
				EA4F79EC278EB7A6008B78FF /* Preview Assets.xcassets in Resources */,
				EAC8DE252793E3560056EEC3 /* 8707-loading.json in Resources */,
				EAC8DE272793E3BB0056EEC3 /* 로티이미지.json in Resources */,
				EA4F79E9278EB7A6008B78FF /* Assets.xcassets in Resources */,
			);
			runOnlyForDeploymentPostprocessing = 0;
		};
/* End PBXResourcesBuildPhase section */

/* Begin PBXShellScriptBuildPhase section */
		A95E9AC2AA7ABE7398EB674C /* [CP] Check Pods Manifest.lock */ = {
			isa = PBXShellScriptBuildPhase;
			buildActionMask = 2147483647;
			files = (
			);
			inputFileListPaths = (
			);
			inputPaths = (
				"${PODS_PODFILE_DIR_PATH}/Podfile.lock",
				"${PODS_ROOT}/Manifest.lock",
			);
			name = "[CP] Check Pods Manifest.lock";
			outputFileListPaths = (
			);
			outputPaths = (
				"$(DERIVED_FILE_DIR)/Pods-GoStop-checkManifestLockResult.txt",
			);
			runOnlyForDeploymentPostprocessing = 0;
			shellPath = /bin/sh;
			shellScript = "diff \"${PODS_PODFILE_DIR_PATH}/Podfile.lock\" \"${PODS_ROOT}/Manifest.lock\" > /dev/null\nif [ $? != 0 ] ; then\n    # print error to STDERR\n    echo \"error: The sandbox is not in sync with the Podfile.lock. Run 'pod install' or update your CocoaPods installation.\" >&2\n    exit 1\nfi\n# This output is used by Xcode 'outputs' to avoid re-running this script phase.\necho \"SUCCESS\" > \"${SCRIPT_OUTPUT_FILE_0}\"\n";
			showEnvVarsInLog = 0;
		};
		DE054DC7A33B90540CD52840 /* [CP] Embed Pods Frameworks */ = {
			isa = PBXShellScriptBuildPhase;
			buildActionMask = 2147483647;
			files = (
			);
			inputFileListPaths = (
				"${PODS_ROOT}/Target Support Files/Pods-GoStop/Pods-GoStop-frameworks-${CONFIGURATION}-input-files.xcfilelist",
			);
			name = "[CP] Embed Pods Frameworks";
			outputFileListPaths = (
				"${PODS_ROOT}/Target Support Files/Pods-GoStop/Pods-GoStop-frameworks-${CONFIGURATION}-output-files.xcfilelist",
			);
			runOnlyForDeploymentPostprocessing = 0;
			shellPath = /bin/sh;
			shellScript = "\"${PODS_ROOT}/Target Support Files/Pods-GoStop/Pods-GoStop-frameworks.sh\"\n";
			showEnvVarsInLog = 0;
		};
/* End PBXShellScriptBuildPhase section */

/* Begin PBXSourcesBuildPhase section */
		EA4F79DD278EB7A5008B78FF /* Sources */ = {
			isa = PBXSourcesBuildPhase;
			buildActionMask = 2147483647;
			files = (
				EAD530C82814611500D9C2D3 /* Round+Extension.swift in Sources */,
				EAAF94A328210E1B00A0C3BC /* EndGameStartView.swift in Sources */,
				EA06770E27F1CA6C00D2444D /* PlayerPopUpView.swift in Sources */,
				EA99266027955AE60064AC82 /* FirstScreen.swift in Sources */,
				EA4F79E7278EB7A5008B78FF /* LottieAnimationView.swift in Sources */,
				EA0380162813134A00292035 /* CalculateView.swift in Sources */,
				EA187DE3279E70C700C94711 /* StartView.swift in Sources */,
				EA48D4CF28855E0A0076095E /* View+Extension.swift in Sources */,
				EA4F79E5278EB7A5008B78FF /* GoStopApp.swift in Sources */,
				EA23FE5C27F4BE010087F293 /* HelpPopUpView.swift in Sources */,
				EA0C2352282A445E00CF335D /* SellPopUpView.swift in Sources */,
				EA33F8302803257500EDB7B9 /* MainPageHistory+Extension.swift in Sources */,
				EA5CEB1027E2528100234E29 /* CoreDataManager.swift in Sources */,
				EA992662279570BC0064AC82 /* MainPage.swift in Sources */,
				EA0C234E282A322F00CF335D /* EndGameSell&&recordView.swift in Sources */,
				EA61476F287ABA5500B145DE /* CustomColor.swift in Sources */,
				EAB2F89F2833F1B5005E9DD6 /* CalculateScoreView.swift in Sources */,
				EA33F832280331F900EDB7B9 /* gameRuleView.swift in Sources */,
				EAC13AF2281A7A2F001D5C2B /* RoundDetailView.swift in Sources */,
				EAD530CA2814613200D9C2D3 /* IngamePlayer+Extension.swift in Sources */,
				EA5CEAFE27E2493B00234E29 /* DataModel.xcdatamodeld in Sources */,
				EA61476D287A9FE600B145DE /* EndGameViewModel.swift in Sources */,
				EA038018281330D800292035 /* Player+Extension.swift in Sources */,
				EA41AD8A2796F9D30085523C /* GuideView.swift in Sources */,
				EA522B9A27C7E78700BC6416 /* IngameView.swift in Sources */,
			);
			runOnlyForDeploymentPostprocessing = 0;
		};
/* End PBXSourcesBuildPhase section */

/* Begin XCBuildConfiguration section */
		EA4F79ED278EB7A6008B78FF /* Debug */ = {
			isa = XCBuildConfiguration;
			buildSettings = {
				ALWAYS_SEARCH_USER_PATHS = NO;
				CLANG_ANALYZER_NONNULL = YES;
				CLANG_ANALYZER_NUMBER_OBJECT_CONVERSION = YES_AGGRESSIVE;
				CLANG_CXX_LANGUAGE_STANDARD = "gnu++17";
				CLANG_CXX_LIBRARY = "libc++";
				CLANG_ENABLE_MODULES = YES;
				CLANG_ENABLE_OBJC_ARC = YES;
				CLANG_ENABLE_OBJC_WEAK = YES;
				CLANG_WARN_BLOCK_CAPTURE_AUTORELEASING = YES;
				CLANG_WARN_BOOL_CONVERSION = YES;
				CLANG_WARN_COMMA = YES;
				CLANG_WARN_CONSTANT_CONVERSION = YES;
				CLANG_WARN_DEPRECATED_OBJC_IMPLEMENTATIONS = YES;
				CLANG_WARN_DIRECT_OBJC_ISA_USAGE = YES_ERROR;
				CLANG_WARN_DOCUMENTATION_COMMENTS = YES;
				CLANG_WARN_EMPTY_BODY = YES;
				CLANG_WARN_ENUM_CONVERSION = YES;
				CLANG_WARN_INFINITE_RECURSION = YES;
				CLANG_WARN_INT_CONVERSION = YES;
				CLANG_WARN_NON_LITERAL_NULL_CONVERSION = YES;
				CLANG_WARN_OBJC_IMPLICIT_RETAIN_SELF = YES;
				CLANG_WARN_OBJC_LITERAL_CONVERSION = YES;
				CLANG_WARN_OBJC_ROOT_CLASS = YES_ERROR;
				CLANG_WARN_QUOTED_INCLUDE_IN_FRAMEWORK_HEADER = YES;
				CLANG_WARN_RANGE_LOOP_ANALYSIS = YES;
				CLANG_WARN_STRICT_PROTOTYPES = YES;
				CLANG_WARN_SUSPICIOUS_MOVE = YES;
				CLANG_WARN_UNGUARDED_AVAILABILITY = YES_AGGRESSIVE;
				CLANG_WARN_UNREACHABLE_CODE = YES;
				CLANG_WARN__DUPLICATE_METHOD_MATCH = YES;
				COPY_PHASE_STRIP = NO;
				DEBUG_INFORMATION_FORMAT = dwarf;
				ENABLE_STRICT_OBJC_MSGSEND = YES;
				ENABLE_TESTABILITY = YES;
				GCC_C_LANGUAGE_STANDARD = gnu11;
				GCC_DYNAMIC_NO_PIC = NO;
				GCC_NO_COMMON_BLOCKS = YES;
				GCC_OPTIMIZATION_LEVEL = 0;
				GCC_PREPROCESSOR_DEFINITIONS = (
					"DEBUG=1",
					"$(inherited)",
				);
				GCC_WARN_64_TO_32_BIT_CONVERSION = YES;
				GCC_WARN_ABOUT_RETURN_TYPE = YES_ERROR;
				GCC_WARN_UNDECLARED_SELECTOR = YES;
				GCC_WARN_UNINITIALIZED_AUTOS = YES_AGGRESSIVE;
				GCC_WARN_UNUSED_FUNCTION = YES;
				GCC_WARN_UNUSED_VARIABLE = YES;
				INFOPLIST_KEY_CFBundleDisplayName = "고스톱금액계산기";
				IPHONEOS_DEPLOYMENT_TARGET = 14.0;
				MTL_ENABLE_DEBUG_INFO = INCLUDE_SOURCE;
				MTL_FAST_MATH = YES;
				ONLY_ACTIVE_ARCH = YES;
				SDKROOT = iphoneos;
				SWIFT_ACTIVE_COMPILATION_CONDITIONS = DEBUG;
				SWIFT_OPTIMIZATION_LEVEL = "-Onone";
			};
			name = Debug;
		};
		EA4F79EE278EB7A6008B78FF /* Release */ = {
			isa = XCBuildConfiguration;
			buildSettings = {
				ALWAYS_SEARCH_USER_PATHS = NO;
				CLANG_ANALYZER_NONNULL = YES;
				CLANG_ANALYZER_NUMBER_OBJECT_CONVERSION = YES_AGGRESSIVE;
				CLANG_CXX_LANGUAGE_STANDARD = "gnu++17";
				CLANG_CXX_LIBRARY = "libc++";
				CLANG_ENABLE_MODULES = YES;
				CLANG_ENABLE_OBJC_ARC = YES;
				CLANG_ENABLE_OBJC_WEAK = YES;
				CLANG_WARN_BLOCK_CAPTURE_AUTORELEASING = YES;
				CLANG_WARN_BOOL_CONVERSION = YES;
				CLANG_WARN_COMMA = YES;
				CLANG_WARN_CONSTANT_CONVERSION = YES;
				CLANG_WARN_DEPRECATED_OBJC_IMPLEMENTATIONS = YES;
				CLANG_WARN_DIRECT_OBJC_ISA_USAGE = YES_ERROR;
				CLANG_WARN_DOCUMENTATION_COMMENTS = YES;
				CLANG_WARN_EMPTY_BODY = YES;
				CLANG_WARN_ENUM_CONVERSION = YES;
				CLANG_WARN_INFINITE_RECURSION = YES;
				CLANG_WARN_INT_CONVERSION = YES;
				CLANG_WARN_NON_LITERAL_NULL_CONVERSION = YES;
				CLANG_WARN_OBJC_IMPLICIT_RETAIN_SELF = YES;
				CLANG_WARN_OBJC_LITERAL_CONVERSION = YES;
				CLANG_WARN_OBJC_ROOT_CLASS = YES_ERROR;
				CLANG_WARN_QUOTED_INCLUDE_IN_FRAMEWORK_HEADER = YES;
				CLANG_WARN_RANGE_LOOP_ANALYSIS = YES;
				CLANG_WARN_STRICT_PROTOTYPES = YES;
				CLANG_WARN_SUSPICIOUS_MOVE = YES;
				CLANG_WARN_UNGUARDED_AVAILABILITY = YES_AGGRESSIVE;
				CLANG_WARN_UNREACHABLE_CODE = YES;
				CLANG_WARN__DUPLICATE_METHOD_MATCH = YES;
				COPY_PHASE_STRIP = NO;
				DEBUG_INFORMATION_FORMAT = "dwarf-with-dsym";
				ENABLE_NS_ASSERTIONS = NO;
				ENABLE_STRICT_OBJC_MSGSEND = YES;
				GCC_C_LANGUAGE_STANDARD = gnu11;
				GCC_NO_COMMON_BLOCKS = YES;
				GCC_WARN_64_TO_32_BIT_CONVERSION = YES;
				GCC_WARN_ABOUT_RETURN_TYPE = YES_ERROR;
				GCC_WARN_UNDECLARED_SELECTOR = YES;
				GCC_WARN_UNINITIALIZED_AUTOS = YES_AGGRESSIVE;
				GCC_WARN_UNUSED_FUNCTION = YES;
				GCC_WARN_UNUSED_VARIABLE = YES;
				INFOPLIST_KEY_CFBundleDisplayName = "고스톱금액계산기";
				IPHONEOS_DEPLOYMENT_TARGET = 14.0;
				MTL_ENABLE_DEBUG_INFO = NO;
				MTL_FAST_MATH = YES;
				SDKROOT = iphoneos;
				SWIFT_COMPILATION_MODE = wholemodule;
				SWIFT_OPTIMIZATION_LEVEL = "-O";
				VALIDATE_PRODUCT = YES;
			};
			name = Release;
		};
		EA4F79F0278EB7A6008B78FF /* Debug */ = {
			isa = XCBuildConfiguration;
			baseConfigurationReference = 3F21A48E442C4B0C1913E91D /* Pods-GoStop.debug.xcconfig */;
			buildSettings = {
				ASSETCATALOG_COMPILER_APPICON_NAME = AppIcon;
				ASSETCATALOG_COMPILER_GLOBAL_ACCENT_COLOR_NAME = AccentColor;
				CODE_SIGN_STYLE = Automatic;
				CURRENT_PROJECT_VERSION = 1;
				DEVELOPMENT_ASSET_PATHS = "\"GoStop/Preview Content\"";
				DEVELOPMENT_TEAM = WZPRSF7LPK;
				ENABLE_PREVIEWS = YES;
				GENERATE_INFOPLIST_FILE = YES;
				INFOPLIST_KEY_UIApplicationSceneManifest_Generation = YES;
				INFOPLIST_KEY_UIApplicationSupportsIndirectInputEvents = YES;
				INFOPLIST_KEY_UILaunchScreen_Generation = YES;
				INFOPLIST_KEY_UISupportedInterfaceOrientations = UIInterfaceOrientationPortrait;
				INFOPLIST_KEY_UISupportedInterfaceOrientations_iPad = "UIInterfaceOrientationPortrait UIInterfaceOrientationPortraitUpsideDown UIInterfaceOrientationLandscapeLeft UIInterfaceOrientationLandscapeRight";
				INFOPLIST_KEY_UISupportedInterfaceOrientations_iPhone = "UIInterfaceOrientationPortrait UIInterfaceOrientationLandscapeLeft UIInterfaceOrientationLandscapeRight";
				INFOPLIST_KEY_UIUserInterfaceStyle = Light;
				LD_RUNPATH_SEARCH_PATHS = (
					"$(inherited)",
					"@executable_path/Frameworks",
				);
				MARKETING_VERSION = 1.0;
				PRODUCT_BUNDLE_IDENTIFIER = std.GoStop;
				PRODUCT_NAME = "$(TARGET_NAME)";
				SWIFT_EMIT_LOC_STRINGS = YES;
				SWIFT_VERSION = 5.0;
				TARGETED_DEVICE_FAMILY = 1;
			};
			name = Debug;
		};
		EA4F79F1278EB7A6008B78FF /* Release */ = {
			isa = XCBuildConfiguration;
			baseConfigurationReference = 18D49972975DC68C3C1F14E5 /* Pods-GoStop.release.xcconfig */;
			buildSettings = {
				ASSETCATALOG_COMPILER_APPICON_NAME = AppIcon;
				ASSETCATALOG_COMPILER_GLOBAL_ACCENT_COLOR_NAME = AccentColor;
				CODE_SIGN_STYLE = Automatic;
				CURRENT_PROJECT_VERSION = 1;
				DEVELOPMENT_ASSET_PATHS = "\"GoStop/Preview Content\"";
				DEVELOPMENT_TEAM = WZPRSF7LPK;
				ENABLE_PREVIEWS = YES;
				GENERATE_INFOPLIST_FILE = YES;
				INFOPLIST_KEY_UIApplicationSceneManifest_Generation = YES;
				INFOPLIST_KEY_UIApplicationSupportsIndirectInputEvents = YES;
				INFOPLIST_KEY_UILaunchScreen_Generation = YES;
				INFOPLIST_KEY_UISupportedInterfaceOrientations = UIInterfaceOrientationPortrait;
				INFOPLIST_KEY_UISupportedInterfaceOrientations_iPad = "UIInterfaceOrientationPortrait UIInterfaceOrientationPortraitUpsideDown UIInterfaceOrientationLandscapeLeft UIInterfaceOrientationLandscapeRight";
				INFOPLIST_KEY_UISupportedInterfaceOrientations_iPhone = "UIInterfaceOrientationPortrait UIInterfaceOrientationLandscapeLeft UIInterfaceOrientationLandscapeRight";
				INFOPLIST_KEY_UIUserInterfaceStyle = Light;
				LD_RUNPATH_SEARCH_PATHS = (
					"$(inherited)",
					"@executable_path/Frameworks",
				);
				MARKETING_VERSION = 1.0;
				PRODUCT_BUNDLE_IDENTIFIER = std.GoStop;
				PRODUCT_NAME = "$(TARGET_NAME)";
				SWIFT_EMIT_LOC_STRINGS = YES;
				SWIFT_VERSION = 5.0;
				TARGETED_DEVICE_FAMILY = 1;
			};
			name = Release;
		};
/* End XCBuildConfiguration section */

/* Begin XCConfigurationList section */
		EA4F79DC278EB7A5008B78FF /* Build configuration list for PBXProject "GoStop" */ = {
			isa = XCConfigurationList;
			buildConfigurations = (
				EA4F79ED278EB7A6008B78FF /* Debug */,
				EA4F79EE278EB7A6008B78FF /* Release */,
			);
			defaultConfigurationIsVisible = 0;
			defaultConfigurationName = Release;
		};
		EA4F79EF278EB7A6008B78FF /* Build configuration list for PBXNativeTarget "GoStop" */ = {
			isa = XCConfigurationList;
			buildConfigurations = (
				EA4F79F0278EB7A6008B78FF /* Debug */,
				EA4F79F1278EB7A6008B78FF /* Release */,
			);
			defaultConfigurationIsVisible = 0;
			defaultConfigurationName = Release;
		};
/* End XCConfigurationList section */

/* Begin XCRemoteSwiftPackageReference section */
		EAC8DE212793E24C0056EEC3 /* XCRemoteSwiftPackageReference "lottie-ios" */ = {
			isa = XCRemoteSwiftPackageReference;
			repositoryURL = "https://github.com/airbnb/lottie-ios.git";
			requirement = {
				kind = upToNextMajorVersion;
				minimumVersion = 3.0.0;
			};
		};
		EADB5F312843F271000F5928 /* XCRemoteSwiftPackageReference "swiftui-navigation-stack" */ = {
			isa = XCRemoteSwiftPackageReference;
			repositoryURL = "https://github.com/matteopuc/swiftui-navigation-stack.git";
			requirement = {
				kind = upToNextMajorVersion;
				minimumVersion = 1.0.0;
			};
		};
/* End XCRemoteSwiftPackageReference section */

/* Begin XCSwiftPackageProductDependency section */
		EAC8DE222793E24C0056EEC3 /* Lottie */ = {
			isa = XCSwiftPackageProductDependency;
			package = EAC8DE212793E24C0056EEC3 /* XCRemoteSwiftPackageReference "lottie-ios" */;
			productName = Lottie;
		};
		EADB5F322843F271000F5928 /* NavigationStack */ = {
			isa = XCSwiftPackageProductDependency;
			package = EADB5F312843F271000F5928 /* XCRemoteSwiftPackageReference "swiftui-navigation-stack" */;
			productName = NavigationStack;
		};
/* End XCSwiftPackageProductDependency section */

/* Begin XCVersionGroup section */
		EA5CEAFC27E2493B00234E29 /* DataModel.xcdatamodeld */ = {
			isa = XCVersionGroup;
			children = (
				EA5CEAFD27E2493B00234E29 /* DataModel.xcdatamodel */,
			);
			currentVersion = EA5CEAFD27E2493B00234E29 /* DataModel.xcdatamodel */;
			path = DataModel.xcdatamodeld;
			sourceTree = "<group>";
			versionGroupType = wrapper.xcdatamodel;
		};
/* End XCVersionGroup section */
	};
	rootObject = EA4F79D9278EB7A5008B78FF /* Project object */;
}
